
Microsoft Visual Studio Solution File, Format Version 12.00
# Visual Studio Version 17
VisualStudioVersion = 17.14.36414.22
MinimumVisualStudioVersion = 10.0.40219.1
Project("{FAE04EC0-301F-11D3-BF4B-00C04F79EFBC}") = "ECommerce.Domain", "ECommerce.Domain\ECommerce.Domain.csproj", "{D9E99AEA-C367-4E20-B6D4-80907F35D9E0}"
EndProject
Project("{FAE04EC0-301F-11D3-BF4B-00C04F79EFBC}") = "ECommerce.Application", "ECommerce.Applcation\ECommerce.Application.csproj", "{5A3FC8A3-92B2-4E6D-9C29-4FC55269CE98}"
EndProject
Project("{FAE04EC0-301F-11D3-BF4B-00C04F79EFBC}") = "ECommerce.Infrustructure", "ECommerce.Infrustructure\ECommerce.Infrustructure.csproj", "{676B762B-9887-4BD4-B299-A7B306852AEA}"
EndProject
Project("{FAE04EC0-301F-11D3-BF4B-00C04F79EFBC}") = "ECommerce.Api", "ECommerce.Api\ECommerce.Api.csproj", "{F57E33FB-CDB3-6F39-453C-B2F68A5DC768}"
EndProject
Global
	GlobalSection(SolutionConfigurationPlatforms) = preSolution
		Debug|Any CPU = Debug|Any CPU
		Release|Any CPU = Release|Any CPU
	EndGlobalSection
	GlobalSection(ProjectConfigurationPlatforms) = postSolution
		{D9E99AEA-C367-4E20-B6D4-80907F35D9E0}.Debug|Any CPU.ActiveCfg = Debug|Any CPU
		{D9E99AEA-C367-4E20-B6D4-80907F35D9E0}.Debug|Any CPU.Build.0 = Debug|Any CPU
		{D9E99AEA-C367-4E20-B6D4-80907F35D9E0}.Release|Any CPU.ActiveCfg = Release|Any CPU
		{D9E99AEA-C367-4E20-B6D4-80907F35D9E0}.Release|Any CPU.Build.0 = Release|Any CPU
		{5A3FC8A3-92B2-4E6D-9C29-4FC55269CE98}.Debug|Any CPU.ActiveCfg = Debug|Any CPU
		{5A3FC8A3-92B2-4E6D-9C29-4FC55269CE98}.Debug|Any CPU.Build.0 = Debug|Any CPU
		{5A3FC8A3-92B2-4E6D-9C29-4FC55269CE98}.Release|Any CPU.ActiveCfg = Release|Any CPU
		{5A3FC8A3-92B2-4E6D-9C29-4FC55269CE98}.Release|Any CPU.Build.0 = Release|Any CPU
		{676B762B-9887-4BD4-B299-A7B306852AEA}.Debug|Any CPU.ActiveCfg = Debug|Any CPU
		{676B762B-9887-4BD4-B299-A7B306852AEA}.Debug|Any CPU.Build.0 = Debug|Any CPU
		{676B762B-9887-4BD4-B299-A7B306852AEA}.Release|Any CPU.ActiveCfg = Release|Any CPU
		{676B762B-9887-4BD4-B299-A7B306852AEA}.Release|Any CPU.Build.0 = Release|Any CPU
		{F57E33FB-CDB3-6F39-453C-B2F68A5DC768}.Debug|Any CPU.ActiveCfg = Debug|Any CPU
		{F57E33FB-CDB3-6F39-453C-B2F68A5DC768}.Debug|Any CPU.Build.0 = Debug|Any CPU
		{F57E33FB-CDB3-6F39-453C-B2F68A5DC768}.Release|Any CPU.ActiveCfg = Release|Any CPU
		{F57E33FB-CDB3-6F39-453C-B2F68A5DC768}.Release|Any CPU.Build.0 = Release|Any CPU
	EndGlobalSection
	GlobalSection(SolutionProperties) = preSolution
		HideSolutionNode = FALSE
	EndGlobalSection
	GlobalSection(ExtensibilityGlobals) = postSolution
		SolutionGuid = {986F9C63-5450-45AD-8B7F-F1F5FAA0C6AD}
	EndGlobalSection
EndGlobal
